
Microsoft Visual Studio Solution File, Format Version 12.00
# Visual Studio Version 17
VisualStudioVersion = 17.0.32112.339
MinimumVisualStudioVersion = 10.0.40219.1
Project("{9A19103F-16F7-4668-BE54-9A1E7A4F7556}") = "MyMessanger", "MyMessanger.csproj", "{21D7C73F-AFA0-4493-86C9-F93FA0B98D98}"
EndProject
Project("{9A19103F-16F7-4668-BE54-9A1E7A4F7556}") = "ASPCoreServer", "..\ASPCoreServer\ASPCoreServer.csproj", "{ABB9C877-E94B-44BF-9F46-CA2939391A8C}"
EndProject
Project("{FAE04EC0-301F-11D3-BF4B-00C04F79EFBC}") = "ConsoleClient2", "..\ConsoleClient2\ConsoleClient2.csproj", "{AE53D7BF-05B2-41DB-8F52-F0EEE773EB18}"
EndProject
Global
	GlobalSection(SolutionConfigurationPlatforms) = preSolution
		Debug|Any CPU = Debug|Any CPU
		Release|Any CPU = Release|Any CPU
	EndGlobalSection
	GlobalSection(ProjectConfigurationPlatforms) = postSolution
		{21D7C73F-AFA0-4493-86C9-F93FA0B98D98}.Debug|Any CPU.ActiveCfg = Debug|Any CPU
		{21D7C73F-AFA0-4493-86C9-F93FA0B98D98}.Debug|Any CPU.Build.0 = Debug|Any CPU
		{21D7C73F-AFA0-4493-86C9-F93FA0B98D98}.Release|Any CPU.ActiveCfg = Release|Any CPU
		{21D7C73F-AFA0-4493-86C9-F93FA0B98D98}.Release|Any CPU.Build.0 = Release|Any CPU
		{ABB9C877-E94B-44BF-9F46-CA2939391A8C}.Debug|Any CPU.ActiveCfg = Debug|Any CPU
		{ABB9C877-E94B-44BF-9F46-CA2939391A8C}.Debug|Any CPU.Build.0 = Debug|Any CPU
		{ABB9C877-E94B-44BF-9F46-CA2939391A8C}.Release|Any CPU.ActiveCfg = Release|Any CPU
		{ABB9C877-E94B-44BF-9F46-CA2939391A8C}.Release|Any CPU.Build.0 = Release|Any CPU
		{AE53D7BF-05B2-41DB-8F52-F0EEE773EB18}.Debug|Any CPU.ActiveCfg = Debug|Any CPU
		{AE53D7BF-05B2-41DB-8F52-F0EEE773EB18}.Debug|Any CPU.Build.0 = Debug|Any CPU
		{AE53D7BF-05B2-41DB-8F52-F0EEE773EB18}.Release|Any CPU.ActiveCfg = Release|Any CPU
		{AE53D7BF-05B2-41DB-8F52-F0EEE773EB18}.Release|Any CPU.Build.0 = Release|Any CPU
	EndGlobalSection
	GlobalSection(SolutionProperties) = preSolution
		HideSolutionNode = FALSE
	EndGlobalSection
	GlobalSection(ExtensibilityGlobals) = postSolution
		SolutionGuid = {FE647531-550A-40BE-B89A-3F35C270A13A}
	EndGlobalSection
EndGlobal
