
Microsoft Visual Studio Solution File, Format Version 12.00
# Visual Studio Version 17
VisualStudioVersion = 17.0.32112.339
MinimumVisualStudioVersion = 10.0.40219.1
Project("{9A19103F-16F7-4668-BE54-9A1E7A4F7556}") = "ConsoleClient", "ConsoleClient.csproj", "{21D7C73F-AFA0-4493-86C9-F93FA0B98D98}"
EndProject
Project("{9A19103F-16F7-4668-BE54-9A1E7A4F7556}") = "ASPCoreServer", "..\ASPCoreServer\ASPCoreServer.csproj", "{ABB9C877-E94B-44BF-9F46-CA2939391A8C}"
EndProject
Project("{FAE04EC0-301F-11D3-BF4B-00C04F79EFBC}") = "ConsoleClient2", "..\ConsoleClient2\ConsoleClient2.csproj", "{AE53D7BF-05B2-41DB-8F52-F0EEE773EB18}"
EndProject
Project("{FAE04EC0-301F-11D3-BF4B-00C04F79EFBC}") = "WindowsFormsClient", "..\WindowsFormsClient\WindowsFormsClient.csproj", "{3CE70A28-CEFE-4319-8F32-D82B32917B2D}"
EndProject
Project("{FAE04EC0-301F-11D3-BF4B-00C04F79EFBC}") = "ConsoleMessengerWithGUI", "..\ConsoleMessengerWithGUI\ConsoleMessengerWithGUI.csproj", "{EC1B04A1-62C5-49FA-9651-DED10F830381}"
EndProject
Project("{FAE04EC0-301F-11D3-BF4B-00C04F79EFBC}") = "WpfClient", "..\WpfClient\WpfClient.csproj", "{7CD04CD4-BB12-4B06-BE54-F4199FD74EE5}"
EndProject
Project("{FAE04EC0-301F-11D3-BF4B-00C04F79EFBC}") = "UWPClient", "..\UWPClient\UWPClient.csproj", "{62231E5D-BA62-4E0D-82BA-AFA76FB3FEF9}"
EndProject
Global
	GlobalSection(SolutionConfigurationPlatforms) = preSolution
		Debug|Any CPU = Debug|Any CPU
		Debug|ARM = Debug|ARM
		Debug|ARM64 = Debug|ARM64
		Debug|x64 = Debug|x64
		Debug|x86 = Debug|x86
		Release|Any CPU = Release|Any CPU
		Release|ARM = Release|ARM
		Release|ARM64 = Release|ARM64
		Release|x64 = Release|x64
		Release|x86 = Release|x86
	EndGlobalSection
	GlobalSection(ProjectConfigurationPlatforms) = postSolution
		{21D7C73F-AFA0-4493-86C9-F93FA0B98D98}.Debug|Any CPU.ActiveCfg = Debug|Any CPU
		{21D7C73F-AFA0-4493-86C9-F93FA0B98D98}.Debug|Any CPU.Build.0 = Debug|Any CPU
		{21D7C73F-AFA0-4493-86C9-F93FA0B98D98}.Debug|ARM.ActiveCfg = Debug|Any CPU
		{21D7C73F-AFA0-4493-86C9-F93FA0B98D98}.Debug|ARM.Build.0 = Debug|Any CPU
		{21D7C73F-AFA0-4493-86C9-F93FA0B98D98}.Debug|ARM64.ActiveCfg = Debug|Any CPU
		{21D7C73F-AFA0-4493-86C9-F93FA0B98D98}.Debug|ARM64.Build.0 = Debug|Any CPU
		{21D7C73F-AFA0-4493-86C9-F93FA0B98D98}.Debug|x64.ActiveCfg = Debug|Any CPU
		{21D7C73F-AFA0-4493-86C9-F93FA0B98D98}.Debug|x64.Build.0 = Debug|Any CPU
		{21D7C73F-AFA0-4493-86C9-F93FA0B98D98}.Debug|x86.ActiveCfg = Debug|Any CPU
		{21D7C73F-AFA0-4493-86C9-F93FA0B98D98}.Debug|x86.Build.0 = Debug|Any CPU
		{21D7C73F-AFA0-4493-86C9-F93FA0B98D98}.Release|Any CPU.ActiveCfg = Release|Any CPU
		{21D7C73F-AFA0-4493-86C9-F93FA0B98D98}.Release|Any CPU.Build.0 = Release|Any CPU
		{21D7C73F-AFA0-4493-86C9-F93FA0B98D98}.Release|ARM.ActiveCfg = Release|Any CPU
		{21D7C73F-AFA0-4493-86C9-F93FA0B98D98}.Release|ARM.Build.0 = Release|Any CPU
		{21D7C73F-AFA0-4493-86C9-F93FA0B98D98}.Release|ARM64.ActiveCfg = Release|Any CPU
		{21D7C73F-AFA0-4493-86C9-F93FA0B98D98}.Release|ARM64.Build.0 = Release|Any CPU
		{21D7C73F-AFA0-4493-86C9-F93FA0B98D98}.Release|x64.ActiveCfg = Release|Any CPU
		{21D7C73F-AFA0-4493-86C9-F93FA0B98D98}.Release|x64.Build.0 = Release|Any CPU
		{21D7C73F-AFA0-4493-86C9-F93FA0B98D98}.Release|x86.ActiveCfg = Release|Any CPU
		{21D7C73F-AFA0-4493-86C9-F93FA0B98D98}.Release|x86.Build.0 = Release|Any CPU
		{ABB9C877-E94B-44BF-9F46-CA2939391A8C}.Debug|Any CPU.ActiveCfg = Debug|Any CPU
		{ABB9C877-E94B-44BF-9F46-CA2939391A8C}.Debug|Any CPU.Build.0 = Debug|Any CPU
		{ABB9C877-E94B-44BF-9F46-CA2939391A8C}.Debug|ARM.ActiveCfg = Debug|Any CPU
		{ABB9C877-E94B-44BF-9F46-CA2939391A8C}.Debug|ARM.Build.0 = Debug|Any CPU
		{ABB9C877-E94B-44BF-9F46-CA2939391A8C}.Debug|ARM64.ActiveCfg = Debug|Any CPU
		{ABB9C877-E94B-44BF-9F46-CA2939391A8C}.Debug|ARM64.Build.0 = Debug|Any CPU
		{ABB9C877-E94B-44BF-9F46-CA2939391A8C}.Debug|x64.ActiveCfg = Debug|Any CPU
		{ABB9C877-E94B-44BF-9F46-CA2939391A8C}.Debug|x64.Build.0 = Debug|Any CPU
		{ABB9C877-E94B-44BF-9F46-CA2939391A8C}.Debug|x86.ActiveCfg = Debug|Any CPU
		{ABB9C877-E94B-44BF-9F46-CA2939391A8C}.Debug|x86.Build.0 = Debug|Any CPU
		{ABB9C877-E94B-44BF-9F46-CA2939391A8C}.Release|Any CPU.ActiveCfg = Release|Any CPU
		{ABB9C877-E94B-44BF-9F46-CA2939391A8C}.Release|Any CPU.Build.0 = Release|Any CPU
		{ABB9C877-E94B-44BF-9F46-CA2939391A8C}.Release|ARM.ActiveCfg = Release|Any CPU
		{ABB9C877-E94B-44BF-9F46-CA2939391A8C}.Release|ARM.Build.0 = Release|Any CPU
		{ABB9C877-E94B-44BF-9F46-CA2939391A8C}.Release|ARM64.ActiveCfg = Release|Any CPU
		{ABB9C877-E94B-44BF-9F46-CA2939391A8C}.Release|ARM64.Build.0 = Release|Any CPU
		{ABB9C877-E94B-44BF-9F46-CA2939391A8C}.Release|x64.ActiveCfg = Release|Any CPU
		{ABB9C877-E94B-44BF-9F46-CA2939391A8C}.Release|x64.Build.0 = Release|Any CPU
		{ABB9C877-E94B-44BF-9F46-CA2939391A8C}.Release|x86.ActiveCfg = Release|Any CPU
		{ABB9C877-E94B-44BF-9F46-CA2939391A8C}.Release|x86.Build.0 = Release|Any CPU
		{AE53D7BF-05B2-41DB-8F52-F0EEE773EB18}.Debug|Any CPU.ActiveCfg = Debug|Any CPU
		{AE53D7BF-05B2-41DB-8F52-F0EEE773EB18}.Debug|Any CPU.Build.0 = Debug|Any CPU
		{AE53D7BF-05B2-41DB-8F52-F0EEE773EB18}.Debug|ARM.ActiveCfg = Debug|Any CPU
		{AE53D7BF-05B2-41DB-8F52-F0EEE773EB18}.Debug|ARM.Build.0 = Debug|Any CPU
		{AE53D7BF-05B2-41DB-8F52-F0EEE773EB18}.Debug|ARM64.ActiveCfg = Debug|Any CPU
		{AE53D7BF-05B2-41DB-8F52-F0EEE773EB18}.Debug|ARM64.Build.0 = Debug|Any CPU
		{AE53D7BF-05B2-41DB-8F52-F0EEE773EB18}.Debug|x64.ActiveCfg = Debug|Any CPU
		{AE53D7BF-05B2-41DB-8F52-F0EEE773EB18}.Debug|x64.Build.0 = Debug|Any CPU
		{AE53D7BF-05B2-41DB-8F52-F0EEE773EB18}.Debug|x86.ActiveCfg = Debug|Any CPU
		{AE53D7BF-05B2-41DB-8F52-F0EEE773EB18}.Debug|x86.Build.0 = Debug|Any CPU
		{AE53D7BF-05B2-41DB-8F52-F0EEE773EB18}.Release|Any CPU.ActiveCfg = Release|Any CPU
		{AE53D7BF-05B2-41DB-8F52-F0EEE773EB18}.Release|Any CPU.Build.0 = Release|Any CPU
		{AE53D7BF-05B2-41DB-8F52-F0EEE773EB18}.Release|ARM.ActiveCfg = Release|Any CPU
		{AE53D7BF-05B2-41DB-8F52-F0EEE773EB18}.Release|ARM.Build.0 = Release|Any CPU
		{AE53D7BF-05B2-41DB-8F52-F0EEE773EB18}.Release|ARM64.ActiveCfg = Release|Any CPU
		{AE53D7BF-05B2-41DB-8F52-F0EEE773EB18}.Release|ARM64.Build.0 = Release|Any CPU
		{AE53D7BF-05B2-41DB-8F52-F0EEE773EB18}.Release|x64.ActiveCfg = Release|Any CPU
		{AE53D7BF-05B2-41DB-8F52-F0EEE773EB18}.Release|x64.Build.0 = Release|Any CPU
		{AE53D7BF-05B2-41DB-8F52-F0EEE773EB18}.Release|x86.ActiveCfg = Release|Any CPU
		{AE53D7BF-05B2-41DB-8F52-F0EEE773EB18}.Release|x86.Build.0 = Release|Any CPU
		{3CE70A28-CEFE-4319-8F32-D82B32917B2D}.Debug|Any CPU.ActiveCfg = Debug|Any CPU
		{3CE70A28-CEFE-4319-8F32-D82B32917B2D}.Debug|Any CPU.Build.0 = Debug|Any CPU
		{3CE70A28-CEFE-4319-8F32-D82B32917B2D}.Debug|ARM.ActiveCfg = Debug|Any CPU
		{3CE70A28-CEFE-4319-8F32-D82B32917B2D}.Debug|ARM.Build.0 = Debug|Any CPU
		{3CE70A28-CEFE-4319-8F32-D82B32917B2D}.Debug|ARM64.ActiveCfg = Debug|Any CPU
		{3CE70A28-CEFE-4319-8F32-D82B32917B2D}.Debug|ARM64.Build.0 = Debug|Any CPU
		{3CE70A28-CEFE-4319-8F32-D82B32917B2D}.Debug|x64.ActiveCfg = Debug|Any CPU
		{3CE70A28-CEFE-4319-8F32-D82B32917B2D}.Debug|x64.Build.0 = Debug|Any CPU
		{3CE70A28-CEFE-4319-8F32-D82B32917B2D}.Debug|x86.ActiveCfg = Debug|Any CPU
		{3CE70A28-CEFE-4319-8F32-D82B32917B2D}.Debug|x86.Build.0 = Debug|Any CPU
		{3CE70A28-CEFE-4319-8F32-D82B32917B2D}.Release|Any CPU.ActiveCfg = Release|Any CPU
		{3CE70A28-CEFE-4319-8F32-D82B32917B2D}.Release|Any CPU.Build.0 = Release|Any CPU
		{3CE70A28-CEFE-4319-8F32-D82B32917B2D}.Release|ARM.ActiveCfg = Release|Any CPU
		{3CE70A28-CEFE-4319-8F32-D82B32917B2D}.Release|ARM.Build.0 = Release|Any CPU
		{3CE70A28-CEFE-4319-8F32-D82B32917B2D}.Release|ARM64.ActiveCfg = Release|Any CPU
		{3CE70A28-CEFE-4319-8F32-D82B32917B2D}.Release|ARM64.Build.0 = Release|Any CPU
		{3CE70A28-CEFE-4319-8F32-D82B32917B2D}.Release|x64.ActiveCfg = Release|Any CPU
		{3CE70A28-CEFE-4319-8F32-D82B32917B2D}.Release|x64.Build.0 = Release|Any CPU
		{3CE70A28-CEFE-4319-8F32-D82B32917B2D}.Release|x86.ActiveCfg = Release|Any CPU
		{3CE70A28-CEFE-4319-8F32-D82B32917B2D}.Release|x86.Build.0 = Release|Any CPU
		{EC1B04A1-62C5-49FA-9651-DED10F830381}.Debug|Any CPU.ActiveCfg = Debug|Any CPU
		{EC1B04A1-62C5-49FA-9651-DED10F830381}.Debug|Any CPU.Build.0 = Debug|Any CPU
		{EC1B04A1-62C5-49FA-9651-DED10F830381}.Debug|ARM.ActiveCfg = Debug|Any CPU
		{EC1B04A1-62C5-49FA-9651-DED10F830381}.Debug|ARM.Build.0 = Debug|Any CPU
		{EC1B04A1-62C5-49FA-9651-DED10F830381}.Debug|ARM64.ActiveCfg = Debug|Any CPU
		{EC1B04A1-62C5-49FA-9651-DED10F830381}.Debug|ARM64.Build.0 = Debug|Any CPU
		{EC1B04A1-62C5-49FA-9651-DED10F830381}.Debug|x64.ActiveCfg = Debug|Any CPU
		{EC1B04A1-62C5-49FA-9651-DED10F830381}.Debug|x64.Build.0 = Debug|Any CPU
		{EC1B04A1-62C5-49FA-9651-DED10F830381}.Debug|x86.ActiveCfg = Debug|Any CPU
		{EC1B04A1-62C5-49FA-9651-DED10F830381}.Debug|x86.Build.0 = Debug|Any CPU
		{EC1B04A1-62C5-49FA-9651-DED10F830381}.Release|Any CPU.ActiveCfg = Release|Any CPU
		{EC1B04A1-62C5-49FA-9651-DED10F830381}.Release|Any CPU.Build.0 = Release|Any CPU
		{EC1B04A1-62C5-49FA-9651-DED10F830381}.Release|ARM.ActiveCfg = Release|Any CPU
		{EC1B04A1-62C5-49FA-9651-DED10F830381}.Release|ARM.Build.0 = Release|Any CPU
		{EC1B04A1-62C5-49FA-9651-DED10F830381}.Release|ARM64.ActiveCfg = Release|Any CPU
		{EC1B04A1-62C5-49FA-9651-DED10F830381}.Release|ARM64.Build.0 = Release|Any CPU
		{EC1B04A1-62C5-49FA-9651-DED10F830381}.Release|x64.ActiveCfg = Release|Any CPU
		{EC1B04A1-62C5-49FA-9651-DED10F830381}.Release|x64.Build.0 = Release|Any CPU
		{EC1B04A1-62C5-49FA-9651-DED10F830381}.Release|x86.ActiveCfg = Release|Any CPU
		{EC1B04A1-62C5-49FA-9651-DED10F830381}.Release|x86.Build.0 = Release|Any CPU
		{7CD04CD4-BB12-4B06-BE54-F4199FD74EE5}.Debug|Any CPU.ActiveCfg = Debug|Any CPU
		{7CD04CD4-BB12-4B06-BE54-F4199FD74EE5}.Debug|Any CPU.Build.0 = Debug|Any CPU
		{7CD04CD4-BB12-4B06-BE54-F4199FD74EE5}.Debug|ARM.ActiveCfg = Debug|Any CPU
		{7CD04CD4-BB12-4B06-BE54-F4199FD74EE5}.Debug|ARM.Build.0 = Debug|Any CPU
		{7CD04CD4-BB12-4B06-BE54-F4199FD74EE5}.Debug|ARM64.ActiveCfg = Debug|Any CPU
		{7CD04CD4-BB12-4B06-BE54-F4199FD74EE5}.Debug|ARM64.Build.0 = Debug|Any CPU
		{7CD04CD4-BB12-4B06-BE54-F4199FD74EE5}.Debug|x64.ActiveCfg = Debug|Any CPU
		{7CD04CD4-BB12-4B06-BE54-F4199FD74EE5}.Debug|x64.Build.0 = Debug|Any CPU
		{7CD04CD4-BB12-4B06-BE54-F4199FD74EE5}.Debug|x86.ActiveCfg = Debug|Any CPU
		{7CD04CD4-BB12-4B06-BE54-F4199FD74EE5}.Debug|x86.Build.0 = Debug|Any CPU
		{7CD04CD4-BB12-4B06-BE54-F4199FD74EE5}.Release|Any CPU.ActiveCfg = Release|Any CPU
		{7CD04CD4-BB12-4B06-BE54-F4199FD74EE5}.Release|Any CPU.Build.0 = Release|Any CPU
		{7CD04CD4-BB12-4B06-BE54-F4199FD74EE5}.Release|ARM.ActiveCfg = Release|Any CPU
		{7CD04CD4-BB12-4B06-BE54-F4199FD74EE5}.Release|ARM.Build.0 = Release|Any CPU
		{7CD04CD4-BB12-4B06-BE54-F4199FD74EE5}.Release|ARM64.ActiveCfg = Release|Any CPU
		{7CD04CD4-BB12-4B06-BE54-F4199FD74EE5}.Release|ARM64.Build.0 = Release|Any CPU
		{7CD04CD4-BB12-4B06-BE54-F4199FD74EE5}.Release|x64.ActiveCfg = Release|Any CPU
		{7CD04CD4-BB12-4B06-BE54-F4199FD74EE5}.Release|x64.Build.0 = Release|Any CPU
		{7CD04CD4-BB12-4B06-BE54-F4199FD74EE5}.Release|x86.ActiveCfg = Release|Any CPU
		{7CD04CD4-BB12-4B06-BE54-F4199FD74EE5}.Release|x86.Build.0 = Release|Any CPU
		{62231E5D-BA62-4E0D-82BA-AFA76FB3FEF9}.Debug|Any CPU.ActiveCfg = Debug|x64
		{62231E5D-BA62-4E0D-82BA-AFA76FB3FEF9}.Debug|Any CPU.Build.0 = Debug|x64
		{62231E5D-BA62-4E0D-82BA-AFA76FB3FEF9}.Debug|Any CPU.Deploy.0 = Debug|x64
		{62231E5D-BA62-4E0D-82BA-AFA76FB3FEF9}.Debug|ARM.ActiveCfg = Debug|ARM
		{62231E5D-BA62-4E0D-82BA-AFA76FB3FEF9}.Debug|ARM.Build.0 = Debug|ARM
		{62231E5D-BA62-4E0D-82BA-AFA76FB3FEF9}.Debug|ARM.Deploy.0 = Debug|ARM
		{62231E5D-BA62-4E0D-82BA-AFA76FB3FEF9}.Debug|ARM64.ActiveCfg = Debug|ARM64
		{62231E5D-BA62-4E0D-82BA-AFA76FB3FEF9}.Debug|ARM64.Build.0 = Debug|ARM64
		{62231E5D-BA62-4E0D-82BA-AFA76FB3FEF9}.Debug|ARM64.Deploy.0 = Debug|ARM64
		{62231E5D-BA62-4E0D-82BA-AFA76FB3FEF9}.Debug|x64.ActiveCfg = Debug|x64
		{62231E5D-BA62-4E0D-82BA-AFA76FB3FEF9}.Debug|x64.Build.0 = Debug|x64
		{62231E5D-BA62-4E0D-82BA-AFA76FB3FEF9}.Debug|x64.Deploy.0 = Debug|x64
		{62231E5D-BA62-4E0D-82BA-AFA76FB3FEF9}.Debug|x86.ActiveCfg = Debug|x86
		{62231E5D-BA62-4E0D-82BA-AFA76FB3FEF9}.Debug|x86.Build.0 = Debug|x86
		{62231E5D-BA62-4E0D-82BA-AFA76FB3FEF9}.Debug|x86.Deploy.0 = Debug|x86
		{62231E5D-BA62-4E0D-82BA-AFA76FB3FEF9}.Release|Any CPU.ActiveCfg = Release|x64
		{62231E5D-BA62-4E0D-82BA-AFA76FB3FEF9}.Release|Any CPU.Build.0 = Release|x64
		{62231E5D-BA62-4E0D-82BA-AFA76FB3FEF9}.Release|Any CPU.Deploy.0 = Release|x64
		{62231E5D-BA62-4E0D-82BA-AFA76FB3FEF9}.Release|ARM.ActiveCfg = Release|ARM
		{62231E5D-BA62-4E0D-82BA-AFA76FB3FEF9}.Release|ARM.Build.0 = Release|ARM
		{62231E5D-BA62-4E0D-82BA-AFA76FB3FEF9}.Release|ARM.Deploy.0 = Release|ARM
		{62231E5D-BA62-4E0D-82BA-AFA76FB3FEF9}.Release|ARM64.ActiveCfg = Release|ARM64
		{62231E5D-BA62-4E0D-82BA-AFA76FB3FEF9}.Release|ARM64.Build.0 = Release|ARM64
		{62231E5D-BA62-4E0D-82BA-AFA76FB3FEF9}.Release|ARM64.Deploy.0 = Release|ARM64
		{62231E5D-BA62-4E0D-82BA-AFA76FB3FEF9}.Release|x64.ActiveCfg = Release|x64
		{62231E5D-BA62-4E0D-82BA-AFA76FB3FEF9}.Release|x64.Build.0 = Release|x64
		{62231E5D-BA62-4E0D-82BA-AFA76FB3FEF9}.Release|x64.Deploy.0 = Release|x64
		{62231E5D-BA62-4E0D-82BA-AFA76FB3FEF9}.Release|x86.ActiveCfg = Release|x86
		{62231E5D-BA62-4E0D-82BA-AFA76FB3FEF9}.Release|x86.Build.0 = Release|x86
		{62231E5D-BA62-4E0D-82BA-AFA76FB3FEF9}.Release|x86.Deploy.0 = Release|x86
	EndGlobalSection
	GlobalSection(SolutionProperties) = preSolution
		HideSolutionNode = FALSE
	EndGlobalSection
	GlobalSection(ExtensibilityGlobals) = postSolution
		SolutionGuid = {FE647531-550A-40BE-B89A-3F35C270A13A}
	EndGlobalSection
EndGlobal
